<?xml version="1.0" encoding="utf-8"?>
<Project ToolsVersion="4.0" xmlns="http://schemas.microsoft.com/developer/msbuild/2003">
  <ItemGroup>
    <Filter Include="ソース ファイル">
      <UniqueIdentifier>{4FC737F1-C7A5-4376-A066-2A32D752A2FF}</UniqueIdentifier>
      <Extensions>cpp;c;cc;cxx;c++;def;odl;idl;hpj;bat;asm;asmx</Extensions>
    </Filter>
    <Filter Include="ヘッダー ファイル">
      <UniqueIdentifier>{93995380-89BD-4b04-88EB-625FBE52EBFB}</UniqueIdentifier>
      <Extensions>h;hh;hpp;hxx;h++;hm;inl;inc;ipp;xsd</Extensions>
    </Filter>
    <Filter Include="リソース ファイル">
      <UniqueIdentifier>{67DA6AB6-F800-4c08-8B7A-83BB121AAD01}</UniqueIdentifier>
      <Extensions>rc;ico;cur;bmp;dlg;rc2;rct;bin;rgs;gif;jpg;jpeg;jpe;resx;tiff;tif;png;wav;mfcribbon-ms</Extensions>
    </Filter>
    <Filter Include="ソース ファイル\oscpack_1_1_0">
      <UniqueIdentifier>{b4a629e1-b1ca-420d-951e-dae5bd73ed05}</UniqueIdentifier>
    </Filter>
    <Filter Include="ヘッダー ファイル\oscpack_1_1_0">
      <UniqueIdentifier>{89b411bc-b5b2-40ad-896b-8eface8dec02}</UniqueIdentifier>
    </Filter>
  </ItemGroup>
  <ItemGroup>
    <ClInclude Include="framework.h">
      <Filter>ヘッダー ファイル</Filter>
    </ClInclude>
    <ClInclude Include="dllmain.h">
      <Filter>ヘッダー ファイル</Filter>
    </ClInclude>
    <ClInclude Include="ServerTrackedDeviceProvider.h">
      <Filter>ヘッダー ファイル</Filter>
    </ClInclude>
    <ClInclude Include="TrackedDeviceServerDriver.h">
      <Filter>ヘッダー ファイル</Filter>
    </ClInclude>
    <ClInclude Include="VRWatchdogProvider.h">
      <Filter>ヘッダー ファイル</Filter>
    </ClInclude>
    <ClInclude Include="Log.h">
      <Filter>ヘッダー ファイル</Filter>
    </ClInclude>
    <ClInclude Include="CommunicationManager.h">
      <Filter>ヘッダー ファイル</Filter>
    </ClInclude>
    <ClInclude Include="..\json.hpp">
      <Filter>ヘッダー ファイル</Filter>
    </ClInclude>
    <ClInclude Include="..\openvr\headers\openvr_driver.h">
      <Filter>ヘッダー ファイル</Filter>
    </ClInclude>
    <ClInclude Include="DirectOSC.h">
      <Filter>ヘッダー ファイル</Filter>
    </ClInclude>
    <ClInclude Include="..\oscpack_1_1_0\ip\IpEndpointName.h">
      <Filter>ヘッダー ファイル\oscpack_1_1_0</Filter>
    </ClInclude>
    <ClInclude Include="..\oscpack_1_1_0\ip\NetworkingUtils.h">
      <Filter>ヘッダー ファイル\oscpack_1_1_0</Filter>
    </ClInclude>
    <ClInclude Include="..\oscpack_1_1_0\ip\PacketListener.h">
      <Filter>ヘッダー ファイル\oscpack_1_1_0</Filter>
    </ClInclude>
    <ClInclude Include="..\oscpack_1_1_0\ip\TimerListener.h">
      <Filter>ヘッダー ファイル\oscpack_1_1_0</Filter>
    </ClInclude>
    <ClInclude Include="..\oscpack_1_1_0\ip\UdpSocket.h">
      <Filter>ヘッダー ファイル\oscpack_1_1_0</Filter>
    </ClInclude>
    <ClInclude Include="..\oscpack_1_1_0\osc\OscException.h">
      <Filter>ヘッダー ファイル\oscpack_1_1_0</Filter>
    </ClInclude>
    <ClInclude Include="..\oscpack_1_1_0\osc\OscHostEndianness.h">
      <Filter>ヘッダー ファイル\oscpack_1_1_0</Filter>
    </ClInclude>
    <ClInclude Include="..\oscpack_1_1_0\osc\OscOutboundPacketStream.h">
      <Filter>ヘッダー ファイル\oscpack_1_1_0</Filter>
    </ClInclude>
    <ClInclude Include="..\oscpack_1_1_0\osc\OscPacketListener.h">
      <Filter>ヘッダー ファイル\oscpack_1_1_0</Filter>
    </ClInclude>
    <ClInclude Include="..\oscpack_1_1_0\osc\OscPrintReceivedElements.h">
      <Filter>ヘッダー ファイル\oscpack_1_1_0</Filter>
    </ClInclude>
    <ClInclude Include="..\oscpack_1_1_0\osc\OscReceivedElements.h">
      <Filter>ヘッダー ファイル\oscpack_1_1_0</Filter>
    </ClInclude>
    <ClInclude Include="..\oscpack_1_1_0\osc\OscTypes.h">
      <Filter>ヘッダー ファイル\oscpack_1_1_0</Filter>
    </ClInclude>
    <ClInclude Include="..\oscpack_1_1_0\osc\MessageMappingOscPacketListener.h">
      <Filter>ヘッダー ファイル\oscpack_1_1_0</Filter>
    </ClInclude>
    <ClInclude Include="Config.h">
      <Filter>ヘッダー ファイル</Filter>
    </ClInclude>
    <ClInclude Include="HmdDeviceServerDriver.h">
      <Filter>ヘッダー ファイル</Filter>
    </ClInclude>
  </ItemGroup>
  <ItemGroup>
    <ClCompile Include="dllmain.cpp">
      <Filter>ソース ファイル</Filter>
    </ClCompile>
    <ClCompile Include="Log.cpp">
      <Filter>ソース ファイル</Filter>
    </ClCompile>
    <ClCompile Include="ServerTrackedDeviceProvider.cpp">
      <Filter>ソース ファイル</Filter>
    </ClCompile>
    <ClCompile Include="TrackedDeviceServerDriver.cpp">
      <Filter>ソース ファイル</Filter>
    </ClCompile>
    <ClCompile Include="VRWatchdogProvider.cpp">
      <Filter>ソース ファイル</Filter>
    </ClCompile>
    <ClCompile Include="CommunicationManager.cpp">
      <Filter>ソース ファイル</Filter>
    </ClCompile>
    <ClCompile Include="DirectOSC.cpp">
      <Filter>ソース ファイル</Filter>
    </ClCompile>
    <ClCompile Include="..\oscpack_1_1_0\ip\IpEndpointName.cpp">
      <Filter>ソース ファイル\oscpack_1_1_0</Filter>
    </ClCompile>
    <ClCompile Include="..\oscpack_1_1_0\ip\win32\NetworkingUtils.cpp">
      <Filter>ソース ファイル\oscpack_1_1_0</Filter>
    </ClCompile>
    <ClCompile Include="..\oscpack_1_1_0\ip\win32\UdpSocket.cpp">
      <Filter>ソース ファイル\oscpack_1_1_0</Filter>
    </ClCompile>
    <ClCompile Include="..\oscpack_1_1_0\osc\OscOutboundPacketStream.cpp">
      <Filter>ソース ファイル\oscpack_1_1_0</Filter>
    </ClCompile>
    <ClCompile Include="..\oscpack_1_1_0\osc\OscPrintReceivedElements.cpp">
      <Filter>ソース ファイル\oscpack_1_1_0</Filter>
    </ClCompile>
    <ClCompile Include="..\oscpack_1_1_0\osc\OscReceivedElements.cpp">
      <Filter>ソース ファイル\oscpack_1_1_0</Filter>
    </ClCompile>
    <ClCompile Include="..\oscpack_1_1_0\osc\OscTypes.cpp">
      <Filter>ソース ファイル\oscpack_1_1_0</Filter>
    </ClCompile>
    <ClCompile Include="Config.cpp">
      <Filter>ソース ファイル</Filter>
    </ClCompile>
    <ClCompile Include="HmdDeviceServerDriver.cpp">
      <Filter>ソース ファイル</Filter>
    </ClCompile>
  </ItemGroup>
</Project>